
Microsoft Visual Studio Solution File, Format Version 12.00
# Visual Studio Version 17
VisualStudioVersion = 17.8.34330.188
MinimumVisualStudioVersion = 10.0.40219.1
Project("{FAE04EC0-301F-11D3-BF4B-00C04F79EFBC}") = "ActivitySystem", "ActivitySystem.csproj", "{B9EB0BBB-C469-48F6-B449-E9638590DD39}"
EndProject
Project("{FAE04EC0-301F-11D3-BF4B-00C04F79EFBC}") = "ActivitySystem.BLL", "..\ActivitySystem.BLL\ActivitySystem.BLL.csproj", "{507E6107-AB97-4E34-AD87-4963749B0D4B}"
EndProject
Project("{FAE04EC0-301F-11D3-BF4B-00C04F79EFBC}") = "ActivitySystem.DAL", "..\ActivitySystem.DAL\ActivitySystem.DAL.csproj", "{E8F28002-A754-46C6-B9D1-D02E8DFB5FE0}"
EndProject
Global
	GlobalSection(SolutionConfigurationPlatforms) = preSolution
		Debug|Any CPU = Debug|Any CPU
		Release|Any CPU = Release|Any CPU
	EndGlobalSection
	GlobalSection(ProjectConfigurationPlatforms) = postSolution
		{B9EB0BBB-C469-48F6-B449-E9638590DD39}.Debug|Any CPU.ActiveCfg = Debug|Any CPU
		{B9EB0BBB-C469-48F6-B449-E9638590DD39}.Debug|Any CPU.Build.0 = Debug|Any CPU
		{B9EB0BBB-C469-48F6-B449-E9638590DD39}.Release|Any CPU.ActiveCfg = Release|Any CPU
		{B9EB0BBB-C469-48F6-B449-E9638590DD39}.Release|Any CPU.Build.0 = Release|Any CPU
		{507E6107-AB97-4E34-AD87-4963749B0D4B}.Debug|Any CPU.ActiveCfg = Debug|Any CPU
		{507E6107-AB97-4E34-AD87-4963749B0D4B}.Debug|Any CPU.Build.0 = Debug|Any CPU
		{507E6107-AB97-4E34-AD87-4963749B0D4B}.Release|Any CPU.ActiveCfg = Release|Any CPU
		{507E6107-AB97-4E34-AD87-4963749B0D4B}.Release|Any CPU.Build.0 = Release|Any CPU
		{E8F28002-A754-46C6-B9D1-D02E8DFB5FE0}.Debug|Any CPU.ActiveCfg = Debug|Any CPU
		{E8F28002-A754-46C6-B9D1-D02E8DFB5FE0}.Debug|Any CPU.Build.0 = Debug|Any CPU
		{E8F28002-A754-46C6-B9D1-D02E8DFB5FE0}.Release|Any CPU.ActiveCfg = Release|Any CPU
		{E8F28002-A754-46C6-B9D1-D02E8DFB5FE0}.Release|Any CPU.Build.0 = Release|Any CPU
	EndGlobalSection
	GlobalSection(SolutionProperties) = preSolution
		HideSolutionNode = FALSE
	EndGlobalSection
	GlobalSection(ExtensibilityGlobals) = postSolution
		SolutionGuid = {BCA0E5BD-C403-4FFE-9418-949466B6D0F9}
	EndGlobalSection
EndGlobal
